
Microsoft Visual Studio Solution File, Format Version 12.00
# Visual Studio Version 17
VisualStudioVersion = 17.4.33110.190
MinimumVisualStudioVersion = 10.0.40219.1
Project("{2150E333-8FDC-42A3-9474-1A3956D46DE8}") = "Fraemwork", "Fraemwork", "{A8129A21-25E7-4EDE-93E6-C861531511B2}"
EndProject
Project("{FAE04EC0-301F-11D3-BF4B-00C04F79EFBC}") = "SimpleCalculator", "Framework\SimpleCalculator\SimpleCalculator.csproj", "{3473C362-B982-4408-A45A-BE45F3FE5B0E}"
EndProject
Project("{FAE04EC0-301F-11D3-BF4B-00C04F79EFBC}") = "ExtendedOperations", "Framework\ExtendedOperations\ExtendedOperations.csproj", "{913BBE35-95CE-49B9-BBD0-DBD774A26B7A}"
EndProject
Global
	GlobalSection(SolutionConfigurationPlatforms) = preSolution
		Debug|Any CPU = Debug|Any CPU
		Release|Any CPU = Release|Any CPU
	EndGlobalSection
	GlobalSection(ProjectConfigurationPlatforms) = postSolution
		{3473C362-B982-4408-A45A-BE45F3FE5B0E}.Debug|Any CPU.ActiveCfg = Debug|Any CPU
		{3473C362-B982-4408-A45A-BE45F3FE5B0E}.Debug|Any CPU.Build.0 = Debug|Any CPU
		{3473C362-B982-4408-A45A-BE45F3FE5B0E}.Release|Any CPU.ActiveCfg = Release|Any CPU
		{3473C362-B982-4408-A45A-BE45F3FE5B0E}.Release|Any CPU.Build.0 = Release|Any CPU
		{913BBE35-95CE-49B9-BBD0-DBD774A26B7A}.Debug|Any CPU.ActiveCfg = Debug|Any CPU
		{913BBE35-95CE-49B9-BBD0-DBD774A26B7A}.Debug|Any CPU.Build.0 = Debug|Any CPU
		{913BBE35-95CE-49B9-BBD0-DBD774A26B7A}.Release|Any CPU.ActiveCfg = Release|Any CPU
		{913BBE35-95CE-49B9-BBD0-DBD774A26B7A}.Release|Any CPU.Build.0 = Release|Any CPU
	EndGlobalSection
	GlobalSection(SolutionProperties) = preSolution
		HideSolutionNode = FALSE
	EndGlobalSection
	GlobalSection(NestedProjects) = preSolution
		{3473C362-B982-4408-A45A-BE45F3FE5B0E} = {A8129A21-25E7-4EDE-93E6-C861531511B2}
		{913BBE35-95CE-49B9-BBD0-DBD774A26B7A} = {A8129A21-25E7-4EDE-93E6-C861531511B2}
	EndGlobalSection
	GlobalSection(ExtensibilityGlobals) = postSolution
		SolutionGuid = {79545E56-928F-4700-BA20-043357AFF704}
	EndGlobalSection
EndGlobal
